
Microsoft Visual Studio Solution File, Format Version 12.00
# Visual Studio Version 16
VisualStudioVersion = 16.0.31005.135
MinimumVisualStudioVersion = 10.0.40219.1
Project("{2150E333-8FDC-42A3-9474-1A3956D46DE8}") = "Common", "Common", "{1989D3BB-F1C7-4BF5-834C-966AE2BD5840}"
EndProject
Project("{2150E333-8FDC-42A3-9474-1A3956D46DE8}") = "Services", "Services", "{70CFCE87-499E-4291-AFBE-FA99F8C4AB71}"
EndProject
Project("{2150E333-8FDC-42A3-9474-1A3956D46DE8}") = "UI", "UI", "{7222D1D3-3E9B-4092-80CA-A5C68355AF79}"
EndProject
Project("{9A19103F-16F7-4668-BE54-9A1E7A4F7556}") = "WebStore.Domain", "Common\WebStore.Domain\WebStore.Domain.csproj", "{2BE1C6C0-DBC6-4090-A793-99D1F3A080E2}"
EndProject
Project("{9A19103F-16F7-4668-BE54-9A1E7A4F7556}") = "WebStore.DAL", "Services\WebStore.DAL\WebStore.DAL.csproj", "{01D16A81-073C-4021-A911-30453FCA3B65}"
EndProject
Project("{9A19103F-16F7-4668-BE54-9A1E7A4F7556}") = "WebStore.DAL.Sqlite", "Services\WebStore.DAL.Sqlite\WebStore.DAL.Sqlite.csproj", "{CD59D59A-D772-48C8-93BF-2F39FFDB62DF}"
EndProject
Project("{9A19103F-16F7-4668-BE54-9A1E7A4F7556}") = "WebStore", "UI\WebStore\WebStore.csproj", "{1EFB0447-0390-417E-B1EA-709E90425FCC}"
EndProject
Project("{9A19103F-16F7-4668-BE54-9A1E7A4F7556}") = "WebStore.Interfaces", "Services\WebStore.Interfaces\WebStore.Interfaces.csproj", "{441FF2AA-10BA-4DD1-9CED-5529473FCBE1}"
EndProject
Project("{9A19103F-16F7-4668-BE54-9A1E7A4F7556}") = "WebStore.Services", "Services\WebStore.Services\WebStore.Services.csproj", "{10D2C2E7-C643-4914-9158-6B17DDDAD163}"
EndProject
Project("{9A19103F-16F7-4668-BE54-9A1E7A4F7556}") = "WebStore.WebAPI", "Services\WebStore.WebAPI\WebStore.WebAPI.csproj", "{3C547E38-B56D-4A79-B3F3-E4F1CEAC3E69}"
EndProject
Project("{9A19103F-16F7-4668-BE54-9A1E7A4F7556}") = "WebStore.WebAPI.Clients", "Services\WebStore.WebAPI.Clients\WebStore.WebAPI.Clients.csproj", "{44F90A7C-F7D4-42B5-AD70-09632BFCFB15}"
EndProject
Project("{9A19103F-16F7-4668-BE54-9A1E7A4F7556}") = "WebStoreLogger", "Common\WebStoreLogger\WebStoreLogger.csproj", "{75E0B35F-D871-4F5E-BE67-59F442544F84}"
EndProject
Project("{2150E333-8FDC-42A3-9474-1A3956D46DE8}") = "Tests", "Tests", "{E0AF18AD-8F18-4F4E-8BAA-788758C9BE6B}"
EndProject
Project("{9A19103F-16F7-4668-BE54-9A1E7A4F7556}") = "WebStore.Tests", "Tests\WebStore.Tests\WebStore.Tests.csproj", "{EA1A9A10-C67F-4719-9417-B2EA73AD621A}"
EndProject
Project("{FAE04EC0-301F-11D3-BF4B-00C04F79EFBC}") = "WebStore.Services.Tests", "Tests\WebStore.Services.Tests\WebStore.Services.Tests.csproj", "{3030AA9F-4FF9-41C0-95EE-A2E8C0AD1306}"
EndProject
Global
	GlobalSection(SolutionConfigurationPlatforms) = preSolution
		Debug|Any CPU = Debug|Any CPU
		Release|Any CPU = Release|Any CPU
	EndGlobalSection
	GlobalSection(ProjectConfigurationPlatforms) = postSolution
		{2BE1C6C0-DBC6-4090-A793-99D1F3A080E2}.Debug|Any CPU.ActiveCfg = Debug|Any CPU
		{2BE1C6C0-DBC6-4090-A793-99D1F3A080E2}.Debug|Any CPU.Build.0 = Debug|Any CPU
		{2BE1C6C0-DBC6-4090-A793-99D1F3A080E2}.Release|Any CPU.ActiveCfg = Release|Any CPU
		{2BE1C6C0-DBC6-4090-A793-99D1F3A080E2}.Release|Any CPU.Build.0 = Release|Any CPU
		{01D16A81-073C-4021-A911-30453FCA3B65}.Debug|Any CPU.ActiveCfg = Debug|Any CPU
		{01D16A81-073C-4021-A911-30453FCA3B65}.Debug|Any CPU.Build.0 = Debug|Any CPU
		{01D16A81-073C-4021-A911-30453FCA3B65}.Release|Any CPU.ActiveCfg = Release|Any CPU
		{01D16A81-073C-4021-A911-30453FCA3B65}.Release|Any CPU.Build.0 = Release|Any CPU
		{CD59D59A-D772-48C8-93BF-2F39FFDB62DF}.Debug|Any CPU.ActiveCfg = Debug|Any CPU
		{CD59D59A-D772-48C8-93BF-2F39FFDB62DF}.Debug|Any CPU.Build.0 = Debug|Any CPU
		{CD59D59A-D772-48C8-93BF-2F39FFDB62DF}.Release|Any CPU.ActiveCfg = Release|Any CPU
		{CD59D59A-D772-48C8-93BF-2F39FFDB62DF}.Release|Any CPU.Build.0 = Release|Any CPU
		{1EFB0447-0390-417E-B1EA-709E90425FCC}.Debug|Any CPU.ActiveCfg = Debug|Any CPU
		{1EFB0447-0390-417E-B1EA-709E90425FCC}.Debug|Any CPU.Build.0 = Debug|Any CPU
		{1EFB0447-0390-417E-B1EA-709E90425FCC}.Release|Any CPU.ActiveCfg = Release|Any CPU
		{1EFB0447-0390-417E-B1EA-709E90425FCC}.Release|Any CPU.Build.0 = Release|Any CPU
		{441FF2AA-10BA-4DD1-9CED-5529473FCBE1}.Debug|Any CPU.ActiveCfg = Debug|Any CPU
		{441FF2AA-10BA-4DD1-9CED-5529473FCBE1}.Debug|Any CPU.Build.0 = Debug|Any CPU
		{441FF2AA-10BA-4DD1-9CED-5529473FCBE1}.Release|Any CPU.ActiveCfg = Release|Any CPU
		{441FF2AA-10BA-4DD1-9CED-5529473FCBE1}.Release|Any CPU.Build.0 = Release|Any CPU
		{10D2C2E7-C643-4914-9158-6B17DDDAD163}.Debug|Any CPU.ActiveCfg = Debug|Any CPU
		{10D2C2E7-C643-4914-9158-6B17DDDAD163}.Debug|Any CPU.Build.0 = Debug|Any CPU
		{10D2C2E7-C643-4914-9158-6B17DDDAD163}.Release|Any CPU.ActiveCfg = Release|Any CPU
		{10D2C2E7-C643-4914-9158-6B17DDDAD163}.Release|Any CPU.Build.0 = Release|Any CPU
		{3C547E38-B56D-4A79-B3F3-E4F1CEAC3E69}.Debug|Any CPU.ActiveCfg = Debug|Any CPU
		{3C547E38-B56D-4A79-B3F3-E4F1CEAC3E69}.Debug|Any CPU.Build.0 = Debug|Any CPU
		{3C547E38-B56D-4A79-B3F3-E4F1CEAC3E69}.Release|Any CPU.ActiveCfg = Release|Any CPU
		{3C547E38-B56D-4A79-B3F3-E4F1CEAC3E69}.Release|Any CPU.Build.0 = Release|Any CPU
		{44F90A7C-F7D4-42B5-AD70-09632BFCFB15}.Debug|Any CPU.ActiveCfg = Debug|Any CPU
		{44F90A7C-F7D4-42B5-AD70-09632BFCFB15}.Debug|Any CPU.Build.0 = Debug|Any CPU
		{44F90A7C-F7D4-42B5-AD70-09632BFCFB15}.Release|Any CPU.ActiveCfg = Release|Any CPU
		{44F90A7C-F7D4-42B5-AD70-09632BFCFB15}.Release|Any CPU.Build.0 = Release|Any CPU
		{75E0B35F-D871-4F5E-BE67-59F442544F84}.Debug|Any CPU.ActiveCfg = Debug|Any CPU
		{75E0B35F-D871-4F5E-BE67-59F442544F84}.Debug|Any CPU.Build.0 = Debug|Any CPU
		{75E0B35F-D871-4F5E-BE67-59F442544F84}.Release|Any CPU.ActiveCfg = Release|Any CPU
		{75E0B35F-D871-4F5E-BE67-59F442544F84}.Release|Any CPU.Build.0 = Release|Any CPU
		{EA1A9A10-C67F-4719-9417-B2EA73AD621A}.Debug|Any CPU.ActiveCfg = Debug|Any CPU
		{EA1A9A10-C67F-4719-9417-B2EA73AD621A}.Debug|Any CPU.Build.0 = Debug|Any CPU
		{EA1A9A10-C67F-4719-9417-B2EA73AD621A}.Release|Any CPU.ActiveCfg = Release|Any CPU
		{EA1A9A10-C67F-4719-9417-B2EA73AD621A}.Release|Any CPU.Build.0 = Release|Any CPU
		{3030AA9F-4FF9-41C0-95EE-A2E8C0AD1306}.Debug|Any CPU.ActiveCfg = Debug|Any CPU
		{3030AA9F-4FF9-41C0-95EE-A2E8C0AD1306}.Debug|Any CPU.Build.0 = Debug|Any CPU
		{3030AA9F-4FF9-41C0-95EE-A2E8C0AD1306}.Release|Any CPU.ActiveCfg = Release|Any CPU
		{3030AA9F-4FF9-41C0-95EE-A2E8C0AD1306}.Release|Any CPU.Build.0 = Release|Any CPU
	EndGlobalSection
	GlobalSection(SolutionProperties) = preSolution
		HideSolutionNode = FALSE
	EndGlobalSection
	GlobalSection(NestedProjects) = preSolution
		{2BE1C6C0-DBC6-4090-A793-99D1F3A080E2} = {1989D3BB-F1C7-4BF5-834C-966AE2BD5840}
		{01D16A81-073C-4021-A911-30453FCA3B65} = {70CFCE87-499E-4291-AFBE-FA99F8C4AB71}
		{CD59D59A-D772-48C8-93BF-2F39FFDB62DF} = {70CFCE87-499E-4291-AFBE-FA99F8C4AB71}
		{1EFB0447-0390-417E-B1EA-709E90425FCC} = {7222D1D3-3E9B-4092-80CA-A5C68355AF79}
		{441FF2AA-10BA-4DD1-9CED-5529473FCBE1} = {70CFCE87-499E-4291-AFBE-FA99F8C4AB71}
		{10D2C2E7-C643-4914-9158-6B17DDDAD163} = {70CFCE87-499E-4291-AFBE-FA99F8C4AB71}
		{3C547E38-B56D-4A79-B3F3-E4F1CEAC3E69} = {70CFCE87-499E-4291-AFBE-FA99F8C4AB71}
		{44F90A7C-F7D4-42B5-AD70-09632BFCFB15} = {70CFCE87-499E-4291-AFBE-FA99F8C4AB71}
		{75E0B35F-D871-4F5E-BE67-59F442544F84} = {1989D3BB-F1C7-4BF5-834C-966AE2BD5840}
		{EA1A9A10-C67F-4719-9417-B2EA73AD621A} = {E0AF18AD-8F18-4F4E-8BAA-788758C9BE6B}
		{3030AA9F-4FF9-41C0-95EE-A2E8C0AD1306} = {E0AF18AD-8F18-4F4E-8BAA-788758C9BE6B}
	EndGlobalSection
	GlobalSection(ExtensibilityGlobals) = postSolution
		SolutionGuid = {AF409109-F4F4-48EA-88BD-FF3059FBF240}
	EndGlobalSection
EndGlobal
