
Microsoft Visual Studio Solution File, Format Version 12.00
# Visual Studio Version 16
VisualStudioVersion = 16.0.31005.135
MinimumVisualStudioVersion = 10.0.40219.1
Project("{9A19103F-16F7-4668-BE54-9A1E7A4F7556}") = "WebStore", "WebStore\WebStore.csproj", "{F419D4BD-1000-49AD-9312-85D9F963992A}"
EndProject
Project("{9A19103F-16F7-4668-BE54-9A1E7A4F7556}") = "WebStore.Domain", "WebStore.Domain\WebStore.Domain.csproj", "{C3FE3B52-70D7-4CE4-A919-944712E2C6BB}"
EndProject
Project("{FAE04EC0-301F-11D3-BF4B-00C04F79EFBC}") = "WebStore.DAL", "WebStore.DAL\WebStore.DAL.csproj", "{83F67654-C512-4825-9CC5-54ECE96ED243}"
EndProject
Global
	GlobalSection(SolutionConfigurationPlatforms) = preSolution
		Debug|Any CPU = Debug|Any CPU
		Release|Any CPU = Release|Any CPU
	EndGlobalSection
	GlobalSection(ProjectConfigurationPlatforms) = postSolution
		{F419D4BD-1000-49AD-9312-85D9F963992A}.Debug|Any CPU.ActiveCfg = Debug|Any CPU
		{F419D4BD-1000-49AD-9312-85D9F963992A}.Debug|Any CPU.Build.0 = Debug|Any CPU
		{F419D4BD-1000-49AD-9312-85D9F963992A}.Release|Any CPU.ActiveCfg = Release|Any CPU
		{F419D4BD-1000-49AD-9312-85D9F963992A}.Release|Any CPU.Build.0 = Release|Any CPU
		{C3FE3B52-70D7-4CE4-A919-944712E2C6BB}.Debug|Any CPU.ActiveCfg = Debug|Any CPU
		{C3FE3B52-70D7-4CE4-A919-944712E2C6BB}.Debug|Any CPU.Build.0 = Debug|Any CPU
		{C3FE3B52-70D7-4CE4-A919-944712E2C6BB}.Release|Any CPU.ActiveCfg = Release|Any CPU
		{C3FE3B52-70D7-4CE4-A919-944712E2C6BB}.Release|Any CPU.Build.0 = Release|Any CPU
		{83F67654-C512-4825-9CC5-54ECE96ED243}.Debug|Any CPU.ActiveCfg = Debug|Any CPU
		{83F67654-C512-4825-9CC5-54ECE96ED243}.Debug|Any CPU.Build.0 = Debug|Any CPU
		{83F67654-C512-4825-9CC5-54ECE96ED243}.Release|Any CPU.ActiveCfg = Release|Any CPU
		{83F67654-C512-4825-9CC5-54ECE96ED243}.Release|Any CPU.Build.0 = Release|Any CPU
	EndGlobalSection
	GlobalSection(SolutionProperties) = preSolution
		HideSolutionNode = FALSE
	EndGlobalSection
	GlobalSection(ExtensibilityGlobals) = postSolution
		SolutionGuid = {AF409109-F4F4-48EA-88BD-FF3059FBF240}
	EndGlobalSection
EndGlobal
