
Microsoft Visual Studio Solution File, Format Version 12.00
# Visual Studio Version 16
VisualStudioVersion = 16.0.31005.135
MinimumVisualStudioVersion = 10.0.40219.1
Project("{2150E333-8FDC-42A3-9474-1A3956D46DE8}") = "Common", "Common", "{1989D3BB-F1C7-4BF5-834C-966AE2BD5840}"
EndProject
Project("{2150E333-8FDC-42A3-9474-1A3956D46DE8}") = "Services", "Services", "{70CFCE87-499E-4291-AFBE-FA99F8C4AB71}"
EndProject
Project("{2150E333-8FDC-42A3-9474-1A3956D46DE8}") = "UI", "UI", "{7222D1D3-3E9B-4092-80CA-A5C68355AF79}"
EndProject
Project("{9A19103F-16F7-4668-BE54-9A1E7A4F7556}") = "WebStore.Domain", "Common\WebStore.Domain\WebStore.Domain.csproj", "{2BE1C6C0-DBC6-4090-A793-99D1F3A080E2}"
EndProject
Project("{9A19103F-16F7-4668-BE54-9A1E7A4F7556}") = "WebStore.DAL", "Services\WebStore.DAL\WebStore.DAL.csproj", "{01D16A81-073C-4021-A911-30453FCA3B65}"
EndProject
Project("{9A19103F-16F7-4668-BE54-9A1E7A4F7556}") = "WebStore.DAL.Sqlite", "Services\WebStore.DAL.Sqlite\WebStore.DAL.Sqlite.csproj", "{CD59D59A-D772-48C8-93BF-2F39FFDB62DF}"
EndProject
Project("{9A19103F-16F7-4668-BE54-9A1E7A4F7556}") = "WebStore", "UI\WebStore\WebStore.csproj", "{1EFB0447-0390-417E-B1EA-709E90425FCC}"
EndProject
Project("{FAE04EC0-301F-11D3-BF4B-00C04F79EFBC}") = "WebStore.Interfaces", "Services\WebStore.Interfaces\WebStore.Interfaces.csproj", "{441FF2AA-10BA-4DD1-9CED-5529473FCBE1}"
EndProject
Global
	GlobalSection(SolutionConfigurationPlatforms) = preSolution
		Debug|Any CPU = Debug|Any CPU
		Release|Any CPU = Release|Any CPU
	EndGlobalSection
	GlobalSection(ProjectConfigurationPlatforms) = postSolution
		{2BE1C6C0-DBC6-4090-A793-99D1F3A080E2}.Debug|Any CPU.ActiveCfg = Debug|Any CPU
		{2BE1C6C0-DBC6-4090-A793-99D1F3A080E2}.Debug|Any CPU.Build.0 = Debug|Any CPU
		{2BE1C6C0-DBC6-4090-A793-99D1F3A080E2}.Release|Any CPU.ActiveCfg = Release|Any CPU
		{2BE1C6C0-DBC6-4090-A793-99D1F3A080E2}.Release|Any CPU.Build.0 = Release|Any CPU
		{01D16A81-073C-4021-A911-30453FCA3B65}.Debug|Any CPU.ActiveCfg = Debug|Any CPU
		{01D16A81-073C-4021-A911-30453FCA3B65}.Debug|Any CPU.Build.0 = Debug|Any CPU
		{01D16A81-073C-4021-A911-30453FCA3B65}.Release|Any CPU.ActiveCfg = Release|Any CPU
		{01D16A81-073C-4021-A911-30453FCA3B65}.Release|Any CPU.Build.0 = Release|Any CPU
		{CD59D59A-D772-48C8-93BF-2F39FFDB62DF}.Debug|Any CPU.ActiveCfg = Debug|Any CPU
		{CD59D59A-D772-48C8-93BF-2F39FFDB62DF}.Debug|Any CPU.Build.0 = Debug|Any CPU
		{CD59D59A-D772-48C8-93BF-2F39FFDB62DF}.Release|Any CPU.ActiveCfg = Release|Any CPU
		{CD59D59A-D772-48C8-93BF-2F39FFDB62DF}.Release|Any CPU.Build.0 = Release|Any CPU
		{1EFB0447-0390-417E-B1EA-709E90425FCC}.Debug|Any CPU.ActiveCfg = Debug|Any CPU
		{1EFB0447-0390-417E-B1EA-709E90425FCC}.Debug|Any CPU.Build.0 = Debug|Any CPU
		{1EFB0447-0390-417E-B1EA-709E90425FCC}.Release|Any CPU.ActiveCfg = Release|Any CPU
		{1EFB0447-0390-417E-B1EA-709E90425FCC}.Release|Any CPU.Build.0 = Release|Any CPU
		{441FF2AA-10BA-4DD1-9CED-5529473FCBE1}.Debug|Any CPU.ActiveCfg = Debug|Any CPU
		{441FF2AA-10BA-4DD1-9CED-5529473FCBE1}.Debug|Any CPU.Build.0 = Debug|Any CPU
		{441FF2AA-10BA-4DD1-9CED-5529473FCBE1}.Release|Any CPU.ActiveCfg = Release|Any CPU
		{441FF2AA-10BA-4DD1-9CED-5529473FCBE1}.Release|Any CPU.Build.0 = Release|Any CPU
	EndGlobalSection
	GlobalSection(SolutionProperties) = preSolution
		HideSolutionNode = FALSE
	EndGlobalSection
	GlobalSection(NestedProjects) = preSolution
		{2BE1C6C0-DBC6-4090-A793-99D1F3A080E2} = {1989D3BB-F1C7-4BF5-834C-966AE2BD5840}
		{01D16A81-073C-4021-A911-30453FCA3B65} = {70CFCE87-499E-4291-AFBE-FA99F8C4AB71}
		{CD59D59A-D772-48C8-93BF-2F39FFDB62DF} = {70CFCE87-499E-4291-AFBE-FA99F8C4AB71}
		{1EFB0447-0390-417E-B1EA-709E90425FCC} = {7222D1D3-3E9B-4092-80CA-A5C68355AF79}
		{441FF2AA-10BA-4DD1-9CED-5529473FCBE1} = {70CFCE87-499E-4291-AFBE-FA99F8C4AB71}
	EndGlobalSection
	GlobalSection(ExtensibilityGlobals) = postSolution
		SolutionGuid = {AF409109-F4F4-48EA-88BD-FF3059FBF240}
	EndGlobalSection
EndGlobal
